
Microsoft Visual Studio Solution File, Format Version 12.00
# Visual Studio 14
VisualStudioVersion = 14.0.25123.0
MinimumVisualStudioVersion = 10.0.40219.1
Project("{FAE04EC0-301F-11D3-BF4B-00C04F79EFBC}") = "Bossr.Droid", "Bossr.Droid\Bossr.Droid.csproj", "{98ED3A52-C14D-4121-9047-9AD5022B0B65}"
EndProject
Project("{FAE04EC0-301F-11D3-BF4B-00C04F79EFBC}") = "Bossr.iOS", "Bossr.iOS\Bossr.iOS.csproj", "{A5C25D80-068D-476D-A10A-1C5CAF16D7E5}"
EndProject
Project("{FAE04EC0-301F-11D3-BF4B-00C04F79EFBC}") = "Bossr", "Bossr\Bossr.csproj", "{9F656CA9-2959-43BB-90C7-6FCFAA613450}"
EndProject
Global
	GlobalSection(SolutionConfigurationPlatforms) = preSolution
		Ad-Hoc|Any CPU = Ad-Hoc|Any CPU
		Ad-Hoc|ARM = Ad-Hoc|ARM
		Ad-Hoc|iPhone = Ad-Hoc|iPhone
		Ad-Hoc|iPhoneSimulator = Ad-Hoc|iPhoneSimulator
		Ad-Hoc|x64 = Ad-Hoc|x64
		Ad-Hoc|x86 = Ad-Hoc|x86
		AppStore|Any CPU = AppStore|Any CPU
		AppStore|ARM = AppStore|ARM
		AppStore|iPhone = AppStore|iPhone
		AppStore|iPhoneSimulator = AppStore|iPhoneSimulator
		AppStore|x64 = AppStore|x64
		AppStore|x86 = AppStore|x86
		Debug|Any CPU = Debug|Any CPU
		Debug|ARM = Debug|ARM
		Debug|iPhone = Debug|iPhone
		Debug|iPhoneSimulator = Debug|iPhoneSimulator
		Debug|x64 = Debug|x64
		Debug|x86 = Debug|x86
		Release|Any CPU = Release|Any CPU
		Release|ARM = Release|ARM
		Release|iPhone = Release|iPhone
		Release|iPhoneSimulator = Release|iPhoneSimulator
		Release|x64 = Release|x64
		Release|x86 = Release|x86
	EndGlobalSection
	GlobalSection(ProjectConfigurationPlatforms) = postSolution
		{98ED3A52-C14D-4121-9047-9AD5022B0B65}.Ad-Hoc|Any CPU.ActiveCfg = Release|Any CPU
		{98ED3A52-C14D-4121-9047-9AD5022B0B65}.Ad-Hoc|Any CPU.Build.0 = Release|Any CPU
		{98ED3A52-C14D-4121-9047-9AD5022B0B65}.Ad-Hoc|Any CPU.Deploy.0 = Release|Any CPU
		{98ED3A52-C14D-4121-9047-9AD5022B0B65}.Ad-Hoc|ARM.ActiveCfg = Debug|Any CPU
		{98ED3A52-C14D-4121-9047-9AD5022B0B65}.Ad-Hoc|ARM.Build.0 = Debug|Any CPU
		{98ED3A52-C14D-4121-9047-9AD5022B0B65}.Ad-Hoc|ARM.Deploy.0 = Debug|Any CPU
		{98ED3A52-C14D-4121-9047-9AD5022B0B65}.Ad-Hoc|iPhone.ActiveCfg = Release|Any CPU
		{98ED3A52-C14D-4121-9047-9AD5022B0B65}.Ad-Hoc|iPhone.Build.0 = Release|Any CPU
		{98ED3A52-C14D-4121-9047-9AD5022B0B65}.Ad-Hoc|iPhone.Deploy.0 = Release|Any CPU
		{98ED3A52-C14D-4121-9047-9AD5022B0B65}.Ad-Hoc|iPhoneSimulator.ActiveCfg = Release|Any CPU
		{98ED3A52-C14D-4121-9047-9AD5022B0B65}.Ad-Hoc|iPhoneSimulator.Build.0 = Release|Any CPU
		{98ED3A52-C14D-4121-9047-9AD5022B0B65}.Ad-Hoc|iPhoneSimulator.Deploy.0 = Release|Any CPU
		{98ED3A52-C14D-4121-9047-9AD5022B0B65}.Ad-Hoc|x64.ActiveCfg = Debug|Any CPU
		{98ED3A52-C14D-4121-9047-9AD5022B0B65}.Ad-Hoc|x64.Build.0 = Debug|Any CPU
		{98ED3A52-C14D-4121-9047-9AD5022B0B65}.Ad-Hoc|x64.Deploy.0 = Debug|Any CPU
		{98ED3A52-C14D-4121-9047-9AD5022B0B65}.Ad-Hoc|x86.ActiveCfg = Debug|Any CPU
		{98ED3A52-C14D-4121-9047-9AD5022B0B65}.Ad-Hoc|x86.Build.0 = Debug|Any CPU
		{98ED3A52-C14D-4121-9047-9AD5022B0B65}.Ad-Hoc|x86.Deploy.0 = Debug|Any CPU
		{98ED3A52-C14D-4121-9047-9AD5022B0B65}.AppStore|Any CPU.ActiveCfg = Release|Any CPU
		{98ED3A52-C14D-4121-9047-9AD5022B0B65}.AppStore|Any CPU.Build.0 = Release|Any CPU
		{98ED3A52-C14D-4121-9047-9AD5022B0B65}.AppStore|Any CPU.Deploy.0 = Release|Any CPU
		{98ED3A52-C14D-4121-9047-9AD5022B0B65}.AppStore|ARM.ActiveCfg = Debug|Any CPU
		{98ED3A52-C14D-4121-9047-9AD5022B0B65}.AppStore|ARM.Build.0 = Debug|Any CPU
		{98ED3A52-C14D-4121-9047-9AD5022B0B65}.AppStore|ARM.Deploy.0 = Debug|Any CPU
		{98ED3A52-C14D-4121-9047-9AD5022B0B65}.AppStore|iPhone.ActiveCfg = Release|Any CPU
		{98ED3A52-C14D-4121-9047-9AD5022B0B65}.AppStore|iPhone.Build.0 = Release|Any CPU
		{98ED3A52-C14D-4121-9047-9AD5022B0B65}.AppStore|iPhone.Deploy.0 = Release|Any CPU
		{98ED3A52-C14D-4121-9047-9AD5022B0B65}.AppStore|iPhoneSimulator.ActiveCfg = Release|Any CPU
		{98ED3A52-C14D-4121-9047-9AD5022B0B65}.AppStore|iPhoneSimulator.Build.0 = Release|Any CPU
		{98ED3A52-C14D-4121-9047-9AD5022B0B65}.AppStore|iPhoneSimulator.Deploy.0 = Release|Any CPU
		{98ED3A52-C14D-4121-9047-9AD5022B0B65}.AppStore|x64.ActiveCfg = Debug|Any CPU
		{98ED3A52-C14D-4121-9047-9AD5022B0B65}.AppStore|x64.Build.0 = Debug|Any CPU
		{98ED3A52-C14D-4121-9047-9AD5022B0B65}.AppStore|x64.Deploy.0 = Debug|Any CPU
		{98ED3A52-C14D-4121-9047-9AD5022B0B65}.AppStore|x86.ActiveCfg = Debug|Any CPU
		{98ED3A52-C14D-4121-9047-9AD5022B0B65}.AppStore|x86.Build.0 = Debug|Any CPU
		{98ED3A52-C14D-4121-9047-9AD5022B0B65}.AppStore|x86.Deploy.0 = Debug|Any CPU
		{98ED3A52-C14D-4121-9047-9AD5022B0B65}.Debug|Any CPU.ActiveCfg = Debug|Any CPU
		{98ED3A52-C14D-4121-9047-9AD5022B0B65}.Debug|Any CPU.Build.0 = Debug|Any CPU
		{98ED3A52-C14D-4121-9047-9AD5022B0B65}.Debug|Any CPU.Deploy.0 = Debug|Any CPU
		{98ED3A52-C14D-4121-9047-9AD5022B0B65}.Debug|ARM.ActiveCfg = Debug|Any CPU
		{98ED3A52-C14D-4121-9047-9AD5022B0B65}.Debug|ARM.Build.0 = Debug|Any CPU
		{98ED3A52-C14D-4121-9047-9AD5022B0B65}.Debug|ARM.Deploy.0 = Debug|Any CPU
		{98ED3A52-C14D-4121-9047-9AD5022B0B65}.Debug|iPhone.ActiveCfg = Debug|Any CPU
		{98ED3A52-C14D-4121-9047-9AD5022B0B65}.Debug|iPhone.Build.0 = Debug|Any CPU
		{98ED3A52-C14D-4121-9047-9AD5022B0B65}.Debug|iPhone.Deploy.0 = Debug|Any CPU
		{98ED3A52-C14D-4121-9047-9AD5022B0B65}.Debug|iPhoneSimulator.ActiveCfg = Debug|Any CPU
		{98ED3A52-C14D-4121-9047-9AD5022B0B65}.Debug|iPhoneSimulator.Build.0 = Debug|Any CPU
		{98ED3A52-C14D-4121-9047-9AD5022B0B65}.Debug|iPhoneSimulator.Deploy.0 = Debug|Any CPU
		{98ED3A52-C14D-4121-9047-9AD5022B0B65}.Debug|x64.ActiveCfg = Debug|Any CPU
		{98ED3A52-C14D-4121-9047-9AD5022B0B65}.Debug|x64.Build.0 = Debug|Any CPU
		{98ED3A52-C14D-4121-9047-9AD5022B0B65}.Debug|x64.Deploy.0 = Debug|Any CPU
		{98ED3A52-C14D-4121-9047-9AD5022B0B65}.Debug|x86.ActiveCfg = Debug|Any CPU
		{98ED3A52-C14D-4121-9047-9AD5022B0B65}.Debug|x86.Build.0 = Debug|Any CPU
		{98ED3A52-C14D-4121-9047-9AD5022B0B65}.Debug|x86.Deploy.0 = Debug|Any CPU
		{98ED3A52-C14D-4121-9047-9AD5022B0B65}.Release|Any CPU.ActiveCfg = Release|Any CPU
		{98ED3A52-C14D-4121-9047-9AD5022B0B65}.Release|Any CPU.Build.0 = Release|Any CPU
		{98ED3A52-C14D-4121-9047-9AD5022B0B65}.Release|Any CPU.Deploy.0 = Release|Any CPU
		{98ED3A52-C14D-4121-9047-9AD5022B0B65}.Release|ARM.ActiveCfg = Release|Any CPU
		{98ED3A52-C14D-4121-9047-9AD5022B0B65}.Release|ARM.Build.0 = Release|Any CPU
		{98ED3A52-C14D-4121-9047-9AD5022B0B65}.Release|ARM.Deploy.0 = Release|Any CPU
		{98ED3A52-C14D-4121-9047-9AD5022B0B65}.Release|iPhone.ActiveCfg = Release|Any CPU
		{98ED3A52-C14D-4121-9047-9AD5022B0B65}.Release|iPhone.Build.0 = Release|Any CPU
		{98ED3A52-C14D-4121-9047-9AD5022B0B65}.Release|iPhone.Deploy.0 = Release|Any CPU
		{98ED3A52-C14D-4121-9047-9AD5022B0B65}.Release|iPhoneSimulator.ActiveCfg = Release|Any CPU
		{98ED3A52-C14D-4121-9047-9AD5022B0B65}.Release|iPhoneSimulator.Build.0 = Release|Any CPU
		{98ED3A52-C14D-4121-9047-9AD5022B0B65}.Release|iPhoneSimulator.Deploy.0 = Release|Any CPU
		{98ED3A52-C14D-4121-9047-9AD5022B0B65}.Release|x64.ActiveCfg = Release|Any CPU
		{98ED3A52-C14D-4121-9047-9AD5022B0B65}.Release|x64.Build.0 = Release|Any CPU
		{98ED3A52-C14D-4121-9047-9AD5022B0B65}.Release|x64.Deploy.0 = Release|Any CPU
		{98ED3A52-C14D-4121-9047-9AD5022B0B65}.Release|x86.ActiveCfg = Release|Any CPU
		{98ED3A52-C14D-4121-9047-9AD5022B0B65}.Release|x86.Build.0 = Release|Any CPU
		{98ED3A52-C14D-4121-9047-9AD5022B0B65}.Release|x86.Deploy.0 = Release|Any CPU
		{A5C25D80-068D-476D-A10A-1C5CAF16D7E5}.Ad-Hoc|Any CPU.ActiveCfg = Ad-Hoc|iPhone
		{A5C25D80-068D-476D-A10A-1C5CAF16D7E5}.Ad-Hoc|ARM.ActiveCfg = Ad-Hoc|iPhoneSimulator
		{A5C25D80-068D-476D-A10A-1C5CAF16D7E5}.Ad-Hoc|iPhone.ActiveCfg = Ad-Hoc|iPhone
		{A5C25D80-068D-476D-A10A-1C5CAF16D7E5}.Ad-Hoc|iPhone.Build.0 = Ad-Hoc|iPhone
		{A5C25D80-068D-476D-A10A-1C5CAF16D7E5}.Ad-Hoc|iPhoneSimulator.ActiveCfg = Ad-Hoc|iPhoneSimulator
		{A5C25D80-068D-476D-A10A-1C5CAF16D7E5}.Ad-Hoc|iPhoneSimulator.Build.0 = Ad-Hoc|iPhoneSimulator
		{A5C25D80-068D-476D-A10A-1C5CAF16D7E5}.Ad-Hoc|x64.ActiveCfg = Ad-Hoc|iPhoneSimulator
		{A5C25D80-068D-476D-A10A-1C5CAF16D7E5}.Ad-Hoc|x86.ActiveCfg = Ad-Hoc|iPhoneSimulator
		{A5C25D80-068D-476D-A10A-1C5CAF16D7E5}.AppStore|Any CPU.ActiveCfg = AppStore|iPhone
		{A5C25D80-068D-476D-A10A-1C5CAF16D7E5}.AppStore|ARM.ActiveCfg = AppStore|iPhoneSimulator
		{A5C25D80-068D-476D-A10A-1C5CAF16D7E5}.AppStore|iPhone.ActiveCfg = AppStore|iPhone
		{A5C25D80-068D-476D-A10A-1C5CAF16D7E5}.AppStore|iPhone.Build.0 = AppStore|iPhone
		{A5C25D80-068D-476D-A10A-1C5CAF16D7E5}.AppStore|iPhoneSimulator.ActiveCfg = AppStore|iPhoneSimulator
		{A5C25D80-068D-476D-A10A-1C5CAF16D7E5}.AppStore|iPhoneSimulator.Build.0 = AppStore|iPhoneSimulator
		{A5C25D80-068D-476D-A10A-1C5CAF16D7E5}.AppStore|x64.ActiveCfg = AppStore|iPhoneSimulator
		{A5C25D80-068D-476D-A10A-1C5CAF16D7E5}.AppStore|x86.ActiveCfg = AppStore|iPhoneSimulator
		{A5C25D80-068D-476D-A10A-1C5CAF16D7E5}.Debug|Any CPU.ActiveCfg = Debug|iPhone
		{A5C25D80-068D-476D-A10A-1C5CAF16D7E5}.Debug|ARM.ActiveCfg = Debug|iPhoneSimulator
		{A5C25D80-068D-476D-A10A-1C5CAF16D7E5}.Debug|iPhone.ActiveCfg = Debug|iPhone
		{A5C25D80-068D-476D-A10A-1C5CAF16D7E5}.Debug|iPhone.Build.0 = Debug|iPhone
		{A5C25D80-068D-476D-A10A-1C5CAF16D7E5}.Debug|iPhoneSimulator.ActiveCfg = Debug|iPhoneSimulator
		{A5C25D80-068D-476D-A10A-1C5CAF16D7E5}.Debug|iPhoneSimulator.Build.0 = Debug|iPhoneSimulator
		{A5C25D80-068D-476D-A10A-1C5CAF16D7E5}.Debug|x64.ActiveCfg = Debug|iPhoneSimulator
		{A5C25D80-068D-476D-A10A-1C5CAF16D7E5}.Debug|x86.ActiveCfg = Debug|iPhoneSimulator
		{A5C25D80-068D-476D-A10A-1C5CAF16D7E5}.Release|Any CPU.ActiveCfg = Release|iPhone
		{A5C25D80-068D-476D-A10A-1C5CAF16D7E5}.Release|ARM.ActiveCfg = Release|iPhoneSimulator
		{A5C25D80-068D-476D-A10A-1C5CAF16D7E5}.Release|iPhone.ActiveCfg = Release|iPhone
		{A5C25D80-068D-476D-A10A-1C5CAF16D7E5}.Release|iPhone.Build.0 = Release|iPhone
		{A5C25D80-068D-476D-A10A-1C5CAF16D7E5}.Release|iPhoneSimulator.ActiveCfg = Release|iPhoneSimulator
		{A5C25D80-068D-476D-A10A-1C5CAF16D7E5}.Release|iPhoneSimulator.Build.0 = Release|iPhoneSimulator
		{A5C25D80-068D-476D-A10A-1C5CAF16D7E5}.Release|x64.ActiveCfg = Release|iPhoneSimulator
		{A5C25D80-068D-476D-A10A-1C5CAF16D7E5}.Release|x86.ActiveCfg = Release|iPhoneSimulator
		{9F656CA9-2959-43BB-90C7-6FCFAA613450}.Ad-Hoc|Any CPU.ActiveCfg = Release|Any CPU
		{9F656CA9-2959-43BB-90C7-6FCFAA613450}.Ad-Hoc|Any CPU.Build.0 = Release|Any CPU
		{9F656CA9-2959-43BB-90C7-6FCFAA613450}.Ad-Hoc|ARM.ActiveCfg = Debug|Any CPU
		{9F656CA9-2959-43BB-90C7-6FCFAA613450}.Ad-Hoc|ARM.Build.0 = Debug|Any CPU
		{9F656CA9-2959-43BB-90C7-6FCFAA613450}.Ad-Hoc|iPhone.ActiveCfg = Release|Any CPU
		{9F656CA9-2959-43BB-90C7-6FCFAA613450}.Ad-Hoc|iPhone.Build.0 = Release|Any CPU
		{9F656CA9-2959-43BB-90C7-6FCFAA613450}.Ad-Hoc|iPhoneSimulator.ActiveCfg = Release|Any CPU
		{9F656CA9-2959-43BB-90C7-6FCFAA613450}.Ad-Hoc|iPhoneSimulator.Build.0 = Release|Any CPU
		{9F656CA9-2959-43BB-90C7-6FCFAA613450}.Ad-Hoc|x64.ActiveCfg = Debug|Any CPU
		{9F656CA9-2959-43BB-90C7-6FCFAA613450}.Ad-Hoc|x64.Build.0 = Debug|Any CPU
		{9F656CA9-2959-43BB-90C7-6FCFAA613450}.Ad-Hoc|x86.ActiveCfg = Debug|Any CPU
		{9F656CA9-2959-43BB-90C7-6FCFAA613450}.Ad-Hoc|x86.Build.0 = Debug|Any CPU
		{9F656CA9-2959-43BB-90C7-6FCFAA613450}.AppStore|Any CPU.ActiveCfg = Release|Any CPU
		{9F656CA9-2959-43BB-90C7-6FCFAA613450}.AppStore|Any CPU.Build.0 = Release|Any CPU
		{9F656CA9-2959-43BB-90C7-6FCFAA613450}.AppStore|ARM.ActiveCfg = Debug|Any CPU
		{9F656CA9-2959-43BB-90C7-6FCFAA613450}.AppStore|ARM.Build.0 = Debug|Any CPU
		{9F656CA9-2959-43BB-90C7-6FCFAA613450}.AppStore|iPhone.ActiveCfg = Release|Any CPU
		{9F656CA9-2959-43BB-90C7-6FCFAA613450}.AppStore|iPhone.Build.0 = Release|Any CPU
		{9F656CA9-2959-43BB-90C7-6FCFAA613450}.AppStore|iPhoneSimulator.ActiveCfg = Release|Any CPU
		{9F656CA9-2959-43BB-90C7-6FCFAA613450}.AppStore|iPhoneSimulator.Build.0 = Release|Any CPU
		{9F656CA9-2959-43BB-90C7-6FCFAA613450}.AppStore|x64.ActiveCfg = Debug|Any CPU
		{9F656CA9-2959-43BB-90C7-6FCFAA613450}.AppStore|x64.Build.0 = Debug|Any CPU
		{9F656CA9-2959-43BB-90C7-6FCFAA613450}.AppStore|x86.ActiveCfg = Debug|Any CPU
		{9F656CA9-2959-43BB-90C7-6FCFAA613450}.AppStore|x86.Build.0 = Debug|Any CPU
		{9F656CA9-2959-43BB-90C7-6FCFAA613450}.Debug|Any CPU.ActiveCfg = Debug|Any CPU
		{9F656CA9-2959-43BB-90C7-6FCFAA613450}.Debug|Any CPU.Build.0 = Debug|Any CPU
		{9F656CA9-2959-43BB-90C7-6FCFAA613450}.Debug|ARM.ActiveCfg = Debug|Any CPU
		{9F656CA9-2959-43BB-90C7-6FCFAA613450}.Debug|ARM.Build.0 = Debug|Any CPU
		{9F656CA9-2959-43BB-90C7-6FCFAA613450}.Debug|iPhone.ActiveCfg = Debug|Any CPU
		{9F656CA9-2959-43BB-90C7-6FCFAA613450}.Debug|iPhone.Build.0 = Debug|Any CPU
		{9F656CA9-2959-43BB-90C7-6FCFAA613450}.Debug|iPhoneSimulator.ActiveCfg = Debug|Any CPU
		{9F656CA9-2959-43BB-90C7-6FCFAA613450}.Debug|iPhoneSimulator.Build.0 = Debug|Any CPU
		{9F656CA9-2959-43BB-90C7-6FCFAA613450}.Debug|x64.ActiveCfg = Debug|Any CPU
		{9F656CA9-2959-43BB-90C7-6FCFAA613450}.Debug|x64.Build.0 = Debug|Any CPU
		{9F656CA9-2959-43BB-90C7-6FCFAA613450}.Debug|x86.ActiveCfg = Debug|Any CPU
		{9F656CA9-2959-43BB-90C7-6FCFAA613450}.Debug|x86.Build.0 = Debug|Any CPU
		{9F656CA9-2959-43BB-90C7-6FCFAA613450}.Release|Any CPU.ActiveCfg = Release|Any CPU
		{9F656CA9-2959-43BB-90C7-6FCFAA613450}.Release|Any CPU.Build.0 = Release|Any CPU
		{9F656CA9-2959-43BB-90C7-6FCFAA613450}.Release|ARM.ActiveCfg = Release|Any CPU
		{9F656CA9-2959-43BB-90C7-6FCFAA613450}.Release|ARM.Build.0 = Release|Any CPU
		{9F656CA9-2959-43BB-90C7-6FCFAA613450}.Release|iPhone.ActiveCfg = Release|Any CPU
		{9F656CA9-2959-43BB-90C7-6FCFAA613450}.Release|iPhone.Build.0 = Release|Any CPU
		{9F656CA9-2959-43BB-90C7-6FCFAA613450}.Release|iPhoneSimulator.ActiveCfg = Release|Any CPU
		{9F656CA9-2959-43BB-90C7-6FCFAA613450}.Release|iPhoneSimulator.Build.0 = Release|Any CPU
		{9F656CA9-2959-43BB-90C7-6FCFAA613450}.Release|x64.ActiveCfg = Release|Any CPU
		{9F656CA9-2959-43BB-90C7-6FCFAA613450}.Release|x64.Build.0 = Release|Any CPU
		{9F656CA9-2959-43BB-90C7-6FCFAA613450}.Release|x86.ActiveCfg = Release|Any CPU
		{9F656CA9-2959-43BB-90C7-6FCFAA613450}.Release|x86.Build.0 = Release|Any CPU
	EndGlobalSection
	GlobalSection(SolutionProperties) = preSolution
		HideSolutionNode = FALSE
	EndGlobalSection
EndGlobal
